
Microsoft Visual Studio Solution File, Format Version 12.00
# Visual Studio Version 16
VisualStudioVersion = 16.0.29411.108
MinimumVisualStudioVersion = 10.0.40219.1
Project("{FAE04EC0-301F-11D3-BF4B-00C04F79EFBC}") = "Poker", "Poker\Poker.csproj", "{083B2AE8-3875-4249-ACF9-B8CB6B75B286}"
EndProject
Global
	GlobalSection(SolutionConfigurationPlatforms) = preSolution
		Debug|Any CPU = Debug|Any CPU
		Release|Any CPU = Release|Any CPU
	EndGlobalSection
	GlobalSection(ProjectConfigurationPlatforms) = postSolution
		{083B2AE8-3875-4249-ACF9-B8CB6B75B286}.Debug|Any CPU.ActiveCfg = Debug|Any CPU
		{083B2AE8-3875-4249-ACF9-B8CB6B75B286}.Debug|Any CPU.Build.0 = Debug|Any CPU
		{083B2AE8-3875-4249-ACF9-B8CB6B75B286}.Release|Any CPU.ActiveCfg = Release|Any CPU
		{083B2AE8-3875-4249-ACF9-B8CB6B75B286}.Release|Any CPU.Build.0 = Release|Any CPU
	EndGlobalSection
	GlobalSection(SolutionProperties) = preSolution
		HideSolutionNode = FALSE
	EndGlobalSection
	GlobalSection(ExtensibilityGlobals) = postSolution
		SolutionGuid = {671FB6D7-D370-4487-9EA6-C4FC504E3991}
	EndGlobalSection
EndGlobal
